
Microsoft Visual Studio Solution File, Format Version 12.00
# Visual Studio Version 16
VisualStudioVersion = 16.0.30621.155
MinimumVisualStudioVersion = 10.0.40219.1
Project("{FAE04EC0-301F-11D3-BF4B-00C04F79EFBC}") = "Adder", "Adder\Adder.csproj", "{21F34D01-A25B-41BC-8CC0-B3CA5B0F0A7B}"
EndProject
Project("{FAE04EC0-301F-11D3-BF4B-00C04F79EFBC}") = "AddLib", "AddLib\AddLib.csproj", "{A379A1D0-EB45-45AB-A19A-0922931C4E43}"
EndProject
Project("{FAE04EC0-301F-11D3-BF4B-00C04F79EFBC}") = "Tests", "Tests\Tests.csproj", "{F399C1EB-6902-4AF0-8E39-7841D4B27E09}"
EndProject
Global
	GlobalSection(SolutionConfigurationPlatforms) = preSolution
		Debug|Any CPU = Debug|Any CPU
		Release|Any CPU = Release|Any CPU
	EndGlobalSection
	GlobalSection(ProjectConfigurationPlatforms) = postSolution
		{21F34D01-A25B-41BC-8CC0-B3CA5B0F0A7B}.Debug|Any CPU.ActiveCfg = Debug|Any CPU
		{21F34D01-A25B-41BC-8CC0-B3CA5B0F0A7B}.Debug|Any CPU.Build.0 = Debug|Any CPU
		{21F34D01-A25B-41BC-8CC0-B3CA5B0F0A7B}.Release|Any CPU.ActiveCfg = Release|Any CPU
		{21F34D01-A25B-41BC-8CC0-B3CA5B0F0A7B}.Release|Any CPU.Build.0 = Release|Any CPU
		{A379A1D0-EB45-45AB-A19A-0922931C4E43}.Debug|Any CPU.ActiveCfg = Debug|Any CPU
		{A379A1D0-EB45-45AB-A19A-0922931C4E43}.Debug|Any CPU.Build.0 = Debug|Any CPU
		{A379A1D0-EB45-45AB-A19A-0922931C4E43}.Release|Any CPU.ActiveCfg = Release|Any CPU
		{A379A1D0-EB45-45AB-A19A-0922931C4E43}.Release|Any CPU.Build.0 = Release|Any CPU
		{F399C1EB-6902-4AF0-8E39-7841D4B27E09}.Debug|Any CPU.ActiveCfg = Debug|Any CPU
		{F399C1EB-6902-4AF0-8E39-7841D4B27E09}.Debug|Any CPU.Build.0 = Debug|Any CPU
		{F399C1EB-6902-4AF0-8E39-7841D4B27E09}.Release|Any CPU.ActiveCfg = Release|Any CPU
		{F399C1EB-6902-4AF0-8E39-7841D4B27E09}.Release|Any CPU.Build.0 = Release|Any CPU
	EndGlobalSection
	GlobalSection(SolutionProperties) = preSolution
		HideSolutionNode = FALSE
	EndGlobalSection
	GlobalSection(ExtensibilityGlobals) = postSolution
		SolutionGuid = {8EC3A5FB-0580-48CE-8028-866861BC7B67}
	EndGlobalSection
EndGlobal
